
Microsoft Visual Studio Solution File, Format Version 12.00
# Visual Studio Version 16
VisualStudioVersion = 16.0.30621.155
MinimumVisualStudioVersion = 10.0.40219.1
Project("{FAE04EC0-301F-11D3-BF4B-00C04F79EFBC}") = "DuplicateFinder", "DuplicateFinder\DuplicateFinder.csproj", "{01346EDC-5202-4B25-89E1-EE5F77DCF14C}"
EndProject
Global
	GlobalSection(SolutionConfigurationPlatforms) = preSolution
		Debug|Any CPU = Debug|Any CPU
		Release|Any CPU = Release|Any CPU
	EndGlobalSection
	GlobalSection(ProjectConfigurationPlatforms) = postSolution
		{01346EDC-5202-4B25-89E1-EE5F77DCF14C}.Debug|Any CPU.ActiveCfg = Debug|Any CPU
		{01346EDC-5202-4B25-89E1-EE5F77DCF14C}.Debug|Any CPU.Build.0 = Debug|Any CPU
		{01346EDC-5202-4B25-89E1-EE5F77DCF14C}.Release|Any CPU.ActiveCfg = Release|Any CPU
		{01346EDC-5202-4B25-89E1-EE5F77DCF14C}.Release|Any CPU.Build.0 = Release|Any CPU
	EndGlobalSection
	GlobalSection(SolutionProperties) = preSolution
		HideSolutionNode = FALSE
	EndGlobalSection
	GlobalSection(ExtensibilityGlobals) = postSolution
		SolutionGuid = {147F9B89-B778-49FD-AC2C-66789BC9C4AE}
	EndGlobalSection
EndGlobal
